
Microsoft Visual Studio Solution File, Format Version 12.00
# Visual Studio Version 17
VisualStudioVersion = 17.4.33213.308
MinimumVisualStudioVersion = 10.0.40219.1
Project("{FAE04EC0-301F-11D3-BF4B-00C04F79EFBC}") = "Temperature Translation", "Temperature Translation\Temperature Translation.csproj", "{1096FFC8-8A5C-4C41-A872-34C1D8CA8733}"
EndProject
Global
	GlobalSection(SolutionConfigurationPlatforms) = preSolution
		Debug|Any CPU = Debug|Any CPU
		Release|Any CPU = Release|Any CPU
	EndGlobalSection
	GlobalSection(ProjectConfigurationPlatforms) = postSolution
		{1096FFC8-8A5C-4C41-A872-34C1D8CA8733}.Debug|Any CPU.ActiveCfg = Debug|Any CPU
		{1096FFC8-8A5C-4C41-A872-34C1D8CA8733}.Debug|Any CPU.Build.0 = Debug|Any CPU
		{1096FFC8-8A5C-4C41-A872-34C1D8CA8733}.Release|Any CPU.ActiveCfg = Release|Any CPU
		{1096FFC8-8A5C-4C41-A872-34C1D8CA8733}.Release|Any CPU.Build.0 = Release|Any CPU
	EndGlobalSection
	GlobalSection(SolutionProperties) = preSolution
		HideSolutionNode = FALSE
	EndGlobalSection
	GlobalSection(ExtensibilityGlobals) = postSolution
		SolutionGuid = {B9F9FF17-CDC0-4595-8EA5-9E5A4F1DECC4}
	EndGlobalSection
EndGlobal
