
Microsoft Visual Studio Solution File, Format Version 12.00
# Visual Studio Version 17
VisualStudioVersion = 17.4.33213.308
MinimumVisualStudioVersion = 10.0.40219.1
Project("{FAE04EC0-301F-11D3-BF4B-00C04F79EFBC}") = "The Rock Paper Scissors", "The Rock Paper Scissors\The Rock Paper Scissors.csproj", "{BD3FF32C-D4CB-4162-9140-E18A30EC5515}"
EndProject
Global
	GlobalSection(SolutionConfigurationPlatforms) = preSolution
		Debug|Any CPU = Debug|Any CPU
		Release|Any CPU = Release|Any CPU
	EndGlobalSection
	GlobalSection(ProjectConfigurationPlatforms) = postSolution
		{BD3FF32C-D4CB-4162-9140-E18A30EC5515}.Debug|Any CPU.ActiveCfg = Debug|Any CPU
		{BD3FF32C-D4CB-4162-9140-E18A30EC5515}.Debug|Any CPU.Build.0 = Debug|Any CPU
		{BD3FF32C-D4CB-4162-9140-E18A30EC5515}.Release|Any CPU.ActiveCfg = Release|Any CPU
		{BD3FF32C-D4CB-4162-9140-E18A30EC5515}.Release|Any CPU.Build.0 = Release|Any CPU
	EndGlobalSection
	GlobalSection(SolutionProperties) = preSolution
		HideSolutionNode = FALSE
	EndGlobalSection
	GlobalSection(ExtensibilityGlobals) = postSolution
		SolutionGuid = {F301A95A-32A6-42A0-88BD-D2918CC435EA}
	EndGlobalSection
EndGlobal
